lockfileVersion: '6.0'

dependencies:
  commander:
    specifier: ^11.0.0
    version: 11.0.0
  dotenv:
    specifier: ^16.3.1
    version: 16.3.1
  jquery:
    specifier: ^2.2.0
    version: 2.2.0
  mime:
    specifier: ^3.0.0
    version: 3.0.0

packages:

  /commander@11.0.0:
    resolution: {integrity: sha512-9HMlXtt/BNoYr8ooyjjNRdIilOTkVJXB+GhxMTtOKwk0R4j4lS4NpjuqmRxroBfnfTSHQIHQB7wryHhXarNjmQ==}
    engines: {node: '>=16'}
    dev: false

  /dotenv@16.3.1:
    resolution: {integrity: sha512-IPzF4w4/Rd94bA9imS68tZBaYyBWSCE47V1RGuMrB94iyTOIEwRmVL2x/4An+6mETpLrKJ5hQkB8W4kFAadeIQ==}
    engines: {node: '>=12'}
    dev: false

  /jquery@2.2.0:
    resolution: {integrity: sha512-bQLMb56JzEBBs2CMzy8llOL0J1xm/JkDma6+UnF2cSPYJmvQHS9yZ+YGny/1YydkdZm8j0Ny8peiaeoWEwy9Zg==}
    dev: false

  /mime@3.0.0:
    resolution: {integrity: sha512-jSCU7/VB1loIWBZe14aEYHU/+1UMEHoaO7qxCOVJOw9GgH72VAWppxNcjU+x9a2k3GSIBXNKxXQFqRvvZ7vr3A==}
    engines: {node: '>=10.0.0'}
    hasBin: true
    dev: false
